
Microsoft Visual Studio Solution File, Format Version 12.00
# Visual Studio 15
VisualStudioVersion = 15.0.28307.1778
MinimumVisualStudioVersion = 10.0.40219.1
Project("{FAE04EC0-301F-11D3-BF4B-00C04F79EFBC}") = "HomeworkTheme08ConsoleAppTask01", "HomeworkTheme08ConsoleApp\HomeworkTheme08ConsoleAppTask01.csproj", "{D6D6DC64-5E18-49EC-841D-48F52B90FEC4}"
EndProject
Project("{FAE04EC0-301F-11D3-BF4B-00C04F79EFBC}") = "HomeworkTheme08ConsoleAppTask02", "HomeworkTheme08ConsoleAppTask02\HomeworkTheme08ConsoleAppTask02.csproj", "{372AD56A-7B4A-4BF7-9DFE-E0CAA3BD8986}"
EndProject
Project("{FAE04EC0-301F-11D3-BF4B-00C04F79EFBC}") = "HomeworkTheme08ConsoleAppTask03", "HomeworkTheme08ConsoleAppTask03\HomeworkTheme08ConsoleAppTask03.csproj", "{AC4E436C-68DC-435D-8F79-EA2999489BB6}"
EndProject
Project("{FAE04EC0-301F-11D3-BF4B-00C04F79EFBC}") = "HomeworkTheme08ConsoleAppTask04", "HomeworkTheme08ConsoleAppTask04\HomeworkTheme08ConsoleAppTask04.csproj", "{451AAB10-55A0-4F0C-BC63-636157DB53D5}"
EndProject
Global
	GlobalSection(SolutionConfigurationPlatforms) = preSolution
		Debug|Any CPU = Debug|Any CPU
		Release|Any CPU = Release|Any CPU
	EndGlobalSection
	GlobalSection(ProjectConfigurationPlatforms) = postSolution
		{D6D6DC64-5E18-49EC-841D-48F52B90FEC4}.Debug|Any CPU.ActiveCfg = Debug|Any CPU
		{D6D6DC64-5E18-49EC-841D-48F52B90FEC4}.Debug|Any CPU.Build.0 = Debug|Any CPU
		{D6D6DC64-5E18-49EC-841D-48F52B90FEC4}.Release|Any CPU.ActiveCfg = Release|Any CPU
		{D6D6DC64-5E18-49EC-841D-48F52B90FEC4}.Release|Any CPU.Build.0 = Release|Any CPU
		{372AD56A-7B4A-4BF7-9DFE-E0CAA3BD8986}.Debug|Any CPU.ActiveCfg = Debug|Any CPU
		{372AD56A-7B4A-4BF7-9DFE-E0CAA3BD8986}.Debug|Any CPU.Build.0 = Debug|Any CPU
		{372AD56A-7B4A-4BF7-9DFE-E0CAA3BD8986}.Release|Any CPU.ActiveCfg = Release|Any CPU
		{372AD56A-7B4A-4BF7-9DFE-E0CAA3BD8986}.Release|Any CPU.Build.0 = Release|Any CPU
		{AC4E436C-68DC-435D-8F79-EA2999489BB6}.Debug|Any CPU.ActiveCfg = Debug|Any CPU
		{AC4E436C-68DC-435D-8F79-EA2999489BB6}.Debug|Any CPU.Build.0 = Debug|Any CPU
		{AC4E436C-68DC-435D-8F79-EA2999489BB6}.Release|Any CPU.ActiveCfg = Release|Any CPU
		{AC4E436C-68DC-435D-8F79-EA2999489BB6}.Release|Any CPU.Build.0 = Release|Any CPU
		{451AAB10-55A0-4F0C-BC63-636157DB53D5}.Debug|Any CPU.ActiveCfg = Debug|Any CPU
		{451AAB10-55A0-4F0C-BC63-636157DB53D5}.Debug|Any CPU.Build.0 = Debug|Any CPU
		{451AAB10-55A0-4F0C-BC63-636157DB53D5}.Release|Any CPU.ActiveCfg = Release|Any CPU
		{451AAB10-55A0-4F0C-BC63-636157DB53D5}.Release|Any CPU.Build.0 = Release|Any CPU
	EndGlobalSection
	GlobalSection(SolutionProperties) = preSolution
		HideSolutionNode = FALSE
	EndGlobalSection
	GlobalSection(ExtensibilityGlobals) = postSolution
		SolutionGuid = {052CD46E-EF35-4D4A-8CB5-B8EF00952808}
	EndGlobalSection
EndGlobal
